
Microsoft Visual Studio Solution File, Format Version 12.00
# Visual Studio Version 16
VisualStudioVersion = 16.0.32428.217
MinimumVisualStudioVersion = 10.0.40219.1
Project("{9A19103F-16F7-4668-BE54-9A1E7A4F7556}") = "ValidarContaBancaria.Api", "src\ValidarContaBancaria.Api\ValidarContaBancaria.Api.csproj", "{8C0B7DF2-0D20-4164-8FCB-9A43F2F519CB}"
EndProject
Project("{9A19103F-16F7-4668-BE54-9A1E7A4F7556}") = "ValidarContaBancaria.Service", "src\ValidarContaBancaria.Service\ValidarContaBancaria.Service.csproj", "{104CA5C3-A4AD-437F-A02E-4EFEAD8DD2F5}"
EndProject
Project("{FAE04EC0-301F-11D3-BF4B-00C04F79EFBC}") = "ValidarContaBancaria.Core", "src\ValidarContaBancaria.Core\ValidarContaBancaria.Core.csproj", "{72832AF8-AA68-4C30-B0DD-F5A002FE825E}"
EndProject
Global
	GlobalSection(SolutionConfigurationPlatforms) = preSolution
		Debug|Any CPU = Debug|Any CPU
		Release|Any CPU = Release|Any CPU
	EndGlobalSection
	GlobalSection(ProjectConfigurationPlatforms) = postSolution
		{8C0B7DF2-0D20-4164-8FCB-9A43F2F519CB}.Debug|Any CPU.ActiveCfg = Debug|Any CPU
		{8C0B7DF2-0D20-4164-8FCB-9A43F2F519CB}.Debug|Any CPU.Build.0 = Debug|Any CPU
		{8C0B7DF2-0D20-4164-8FCB-9A43F2F519CB}.Release|Any CPU.ActiveCfg = Release|Any CPU
		{8C0B7DF2-0D20-4164-8FCB-9A43F2F519CB}.Release|Any CPU.Build.0 = Release|Any CPU
		{104CA5C3-A4AD-437F-A02E-4EFEAD8DD2F5}.Debug|Any CPU.ActiveCfg = Debug|Any CPU
		{104CA5C3-A4AD-437F-A02E-4EFEAD8DD2F5}.Debug|Any CPU.Build.0 = Debug|Any CPU
		{104CA5C3-A4AD-437F-A02E-4EFEAD8DD2F5}.Release|Any CPU.ActiveCfg = Release|Any CPU
		{104CA5C3-A4AD-437F-A02E-4EFEAD8DD2F5}.Release|Any CPU.Build.0 = Release|Any CPU
		{72832AF8-AA68-4C30-B0DD-F5A002FE825E}.Debug|Any CPU.ActiveCfg = Debug|Any CPU
		{72832AF8-AA68-4C30-B0DD-F5A002FE825E}.Debug|Any CPU.Build.0 = Debug|Any CPU
		{72832AF8-AA68-4C30-B0DD-F5A002FE825E}.Release|Any CPU.ActiveCfg = Release|Any CPU
		{72832AF8-AA68-4C30-B0DD-F5A002FE825E}.Release|Any CPU.Build.0 = Release|Any CPU
	EndGlobalSection
	GlobalSection(SolutionProperties) = preSolution
		HideSolutionNode = FALSE
	EndGlobalSection
	GlobalSection(ExtensibilityGlobals) = postSolution
		SolutionGuid = {1591D52D-2B3E-4BDC-B851-8CC91C012C23}
	EndGlobalSection
EndGlobal
